// !$*UTF8*$!
{
	archiveVersion = 1;
	classes = {
	};
	objectVersion = 46;
	objects = {

/* Begin PBXBuildFile section */
		69A367AC1C30D3BA006745E5 /* main.m in Sources */ = {isa = PBXBuildFile; fileRef = 69A367AB1C30D3BA006745E5 /* main.m */; };
		69A367AF1C30D3BA006745E5 /* AppDelegate.m in Sources */ = {isa = PBXBuildFile; fileRef = 69A367AE1C30D3BA006745E5 /* AppDelegate.m */; };
		69A367B21C30D3BA006745E5 /* ViewController.m in Sources */ = {isa = PBXBuildFile; fileRef = 69A367B11C30D3BA006745E5 /* ViewController.m */; };
		69A367B51C30D3BA006745E5 /* Main.storyboard in Resources */ = {isa = PBXBuildFile; fileRef = 69A367B31C30D3BA006745E5 /* Main.storyboard */; };
		69A367B71C30D3BA006745E5 /* Assets.xcassets in Resources */ = {isa = PBXBuildFile; fileRef = 69A367B61C30D3BA006745E5 /* Assets.xcassets */; };
		69A367BA1C30D3BA006745E5 /* LaunchScreen.storyboard in Resources */ = {isa = PBXBuildFile; fileRef = 69A367B81C30D3BA006745E5 /* LaunchScreen.storyboard */; };
		69A367C51C30D3BA006745E5 /* ssTests.m in Sources */ = {isa = PBXBuildFile; fileRef = 69A367C41C30D3BA006745E5 /* ssTests.m */; };
		69A367D01C30D3BA006745E5 /* ssUITests.m in Sources */ = {isa = PBXBuildFile; fileRef = 69A367CF1C30D3BA006745E5 /* ssUITests.m */; };
/* End PBXBuildFile section */

/* Begin PBXContainerItemProxy section */
		69A367C11C30D3BA006745E5 /* PBXContainerItemProxy */ = {
			isa = PBXContainerItemProxy;
			containerPortal = 69A3679F1C30D3BA006745E5 /* Project object */;
			proxyType = 1;
			remoteGlobalIDString = 69A367A61C30D3BA006745E5;
			remoteInfo = ss;
		};
		69A367CC1C30D3BA006745E5 /* PBXContainerItemProxy */ = {
			isa = PBXContainerItemProxy;
			containerPortal = 69A3679F1C30D3BA006745E5 /* Project object */;
			proxyType = 1;
			remoteGlobalIDString = 69A367A61C30D3BA006745E5;
			remoteInfo = ss;
		};
/* End PBXContainerItemProxy section */

/* Begin PBXFileReference section */
		69A367A71C30D3BA006745E5 /* ss.app */ = {isa = PBXFileReference; explicitFileType = wrapper.application; includeInIndex = 0; path = ss.app; sourceTree = BUILT_PRODUCTS_DIR; };
		69A367AB1C30D3BA006745E5 /* main.m */ = {isa = PBXFileReference; lastKnownFileType = sourcecode.c.objc; path = main.m; sourceTree = "<group>"; };
		69A367AD1C30D3BA006745E5 /* AppDelegate.h */ = {isa = PBXFileReference; lastKnownFileType = sourcecode.c.h; path = AppDelegate.h; sourceTree = "<group>"; };
		69A367AE1C30D3BA006745E5 /* AppDelegate.m */ = {isa = PBXFileReference; lastKnownFileType = sourcecode.c.objc; path = AppDelegate.m; sourceTree = "<group>"; };
		69A367B01C30D3BA006745E5 /* ViewController.h */ = {isa = PBXFileReference; lastKnownFileType = sourcecode.c.h; path = ViewController.h; sourceTree = "<group>"; };
		69A367B11C30D3BA006745E5 /* ViewController.m */ = {isa = PBXFileReference; lastKnownFileType = sourcecode.c.objc; path = ViewController.m; sourceTree = "<group>"; };
		69A367B41C30D3BA006745E5 /* Base */ = {isa = PBXFileReference; lastKnownFileType = file.storyboard; name = Base; path = Base.lproj/Main.storyboard; sourceTree = "<group>"; };
		69A367B61C30D3BA006745E5 /* Assets.xcassets */ = {isa = PBXFileReference; lastKnownFileType = folder.assetcatalog; path = Assets.xcassets; sourceTree = "<group>"; };
		69A367B91C30D3BA006745E5 /* Base */ = {isa = PBXFileReference; lastKnownFileType = file.storyboard; name = Base; path = Base.lproj/LaunchScreen.storyboard; sourceTree = "<group>"; };
		69A367BB1C30D3BA006745E5 /* Info.plist */ = {isa = PBXFileReference; lastKnownFileType = text.plist.xml; path = Info.plist; sourceTree = "<group>"; };
		69A367C01C30D3BA006745E5 /* ssTests.xctest */ = {isa = PBXFileReference; explicitFileType = wrapper.cfbundle; includeInIndex = 0; path = ssTests.xctest; sourceTree = BUILT_PRODUCTS_DIR; };
		69A367C41C30D3BA006745E5 /* ssTests.m */ = {isa = PBXFileReference; lastKnownFileType = sourcecode.c.objc; path = ssTests.m; sourceTree = "<group>"; };
		69A367C61C30D3BA006745E5 /* Info.plist */ = {isa = PBXFileReference; lastKnownFileType = text.plist.xml; path = Info.plist; sourceTree = "<group>"; };
		69A367CB1C30D3BA006745E5 /* ssUITests.xctest */ = {isa = PBXFileReference; explicitFileType = wrapper.cfbundle; includeInIndex = 0; path = ssUITests.xctest; sourceTree = BUILT_PRODUCTS_DIR; };
		69A367CF1C30D3BA006745E5 /* ssUITests.m */ = {isa = PBXFileReference; lastKnownFileType = sourcecode.c.objc; path = ssUITests.m; sourceTree = "<group>"; };
		69A367D11C30D3BA006745E5 /* Info.plist */ = {isa = PBXFileReference; lastKnownFileType = text.plist.xml; path = Info.plist; sourceTree = "<group>"; };
/* End PBXFileReference section */

/* Begin PBXFrameworksBuildPhase section */
		69A367A41C30D3BA006745E5 /* Frameworks */ = {
			isa = PBXFrameworksBuildPhase;
			buildActionMask = 2147483647;
			files = (
			);
			runOnlyForDeploymentPostprocessing = 0;
		};
		69A367BD1C30D3BA006745E5 /* Frameworks */ = {
			isa = PBXFrameworksBuildPhase;
			buildActionMask = 2147483647;
			files = (
			);
			runOnlyForDeploymentPostprocessing = 0;
		};
		69A367C81C30D3BA006745E5 /* Frameworks */ = {
			isa = PBXFrameworksBuildPhase;
			buildActionMask = 2147483647;
			files = (
			);
			runOnlyForDeploymentPostprocessing = 0;
		};
/* End PBXFrameworksBuildPhase section */

/* Begin PBXGroup section */
		69A3679E1C30D3BA006745E5 = {
			isa = PBXGroup;
			children = (
				69A367A91C30D3BA006745E5 /* ss */,
				69A367C31C30D3BA006745E5 /* ssTests */,
				69A367CE1C30D3BA006745E5 /* ssUITests */,
				69A367A81C30D3BA006745E5 /* Products */,
			);
			sourceTree = "<group>";
		};
		69A367A81C30D3BA006745E5 /* Products */ = {
			isa = PBXGroup;
			children = (
				69A367A71C30D3BA006745E5 /* ss.app */,
				69A367C01C30D3BA006745E5 /* ssTests.xctest */,
				69A367CB1C30D3BA006745E5 /* ssUITests.xctest */,
			);
			name = Products;
			sourceTree = "<group>";
		};
		69A367A91C30D3BA006745E5 /* ss */ = {
			isa = PBXGroup;
			children = (
				69A367AD1C30D3BA006745E5 /* AppDelegate.h */,
				69A367AE1C30D3BA006745E5 /* AppDelegate.m */,
				69A367B01C30D3BA006745E5 /* ViewController.h */,
				69A367B11C30D3BA006745E5 /* ViewController.m */,
				69A367B31C30D3BA006745E5 /* Main.storyboard */,
				69A367B61C30D3BA006745E5 /* Assets.xcassets */,
				69A367B81C30D3BA006745E5 /* LaunchScreen.storyboard */,
				69A367BB1C30D3BA006745E5 /* Info.plist */,
				69A367AA1C30D3BA006745E5 /* Supporting Files */,
			);
			path = ss;
			sourceTree = "<group>";
		};
		69A367AA1C30D3BA006745E5 /* Supporting Files */ = {
			isa = PBXGroup;
			children = (
				69A367AB1C30D3BA006745E5 /* main.m */,
			);
			name = "Supporting Files";
			sourceTree = "<group>";
		};
		69A367C31C30D3BA006745E5 /* ssTests */ = {
			isa = PBXGroup;
			children = (
				69A367C41C30D3BA006745E5 /* ssTests.m */,
				69A367C61C30D3BA006745E5 /* Info.plist */,
			);
			path = ssTests;
			sourceTree = "<group>";
		};
		69A367CE1C30D3BA006745E5 /* ssUITests */ = {
			isa = PBXGroup;
			children = (
				69A367CF1C30D3BA006745E5 /* ssUITests.m */,
				69A367D11C30D3BA006745E5 /* Info.plist */,
			);
			path = ssUITests;
			sourceTree = "<group>";
		};
/* End PBXGroup section */

/* Begin PBXNativeTarget section */
		69A367A61C30D3BA006745E5 /* ss */ = {
			isa = PBXNativeTarget;
			buildConfigurationList = 69A367D41C30D3BA006745E5 /* Build configuration list for PBXNativeTarget "ss" */;
			buildPhases = (
				69A367A31C30D3BA006745E5 /* Sources */,
				69A367A41C30D3BA006745E5 /* Frameworks */,
				69A367A51C30D3BA006745E5 /* Resources */,
			);
			buildRules = (
			);
			dependencies = (
			);
			name = ss;
			productName = ss;
			productReference = 69A367A71C30D3BA006745E5 /* ss.app */;
			productType = "com.apple.product-type.application";
		};
		69A367BF1C30D3BA006745E5 /* ssTests */ = {
			isa = PBXNativeTarget;
			buildConfigurationList = 69A367D71C30D3BA006745E5 /* Build configuration list for PBXNativeTarget "ssTests" */;
			buildPhases = (
				69A367BC1C30D3BA006745E5 /* Sources */,
				69A367BD1C30D3BA006745E5 /* Frameworks */,
				69A367BE1C30D3BA006745E5 /* Resources */,
			);
			buildRules = (
			);
			dependencies = (
				69A367C21C30D3BA006745E5 /* PBXTargetDependency */,
			);
			name = ssTests;
			productName = ssTests;
			productReference = 69A367C01C30D3BA006745E5 /* ssTests.xctest */;
			productType = "com.apple.product-type.bundle.unit-test";
		};
		69A367CA1C30D3BA006745E5 /* ssUITests */ = {
			isa = PBXNativeTarget;
			buildConfigurationList = 69A367DA1C30D3BA006745E5 /* Build configuration list for PBXNativeTarget "ssUITests" */;
			buildPhases = (
				69A367C71C30D3BA006745E5 /* Sources */,
				69A367C81C30D3BA006745E5 /* Frameworks */,
				69A367C91C30D3BA006745E5 /* Resources */,
			);
			buildRules = (
			);
			dependencies = (
				69A367CD1C30D3BA006745E5 /* PBXTargetDependency */,
			);
			name = ssUITests;
			productName = ssUITests;
			productReference = 69A367CB1C30D3BA006745E5 /* ssUITests.xctest */;
			productType = "com.apple.product-type.bundle.ui-testing";
		};
/* End PBXNativeTarget section */

/* Begin PBXProject section */
		69A3679F1C30D3BA006745E5 /* Project object */ = {
			isa = PBXProject;
			attributes = {
				LastUpgradeCheck = 0710;
				ORGANIZATIONNAME = sinoswr;
				TargetAttributes = {
					69A367A61C30D3BA006745E5 = {
						CreatedOnToolsVersion = 7.1;
					};
					69A367BF1C30D3BA006745E5 = {
						CreatedOnToolsVersion = 7.1;
						TestTargetID = 69A367A61C30D3BA006745E5;
					};
					69A367CA1C30D3BA006745E5 = {
						CreatedOnToolsVersion = 7.1;
						TestTargetID = 69A367A61C30D3BA006745E5;
					};
				};
			};
			buildConfigurationList = 69A367A21C30D3BA006745E5 /* Build configuration list for PBXProject "ss" */;
			compatibilityVersion = "Xcode 3.2";
			developmentRegion = English;
			hasScannedForEncodings = 0;
			knownRegions = (
				en,
				Base,
			);
			mainGroup = 69A3679E1C30D3BA006745E5;
			productRefGroup = 69A367A81C30D3BA006745E5 /* Products */;
			projectDirPath = "";
			projectRoot = "";
			targets = (
				69A367A61C30D3BA006745E5 /* ss */,
				69A367BF1C30D3BA006745E5 /* ssTests */,
				69A367CA1C30D3BA006745E5 /* ssUITests */,
			);
		};
/* End PBXProject section */

/* Begin PBXResourcesBuildPhase section */
		69A367A51C30D3BA006745E5 /* Resources */ = {
			isa = PBXResourcesBuildPhase;
			buildActionMask = 2147483647;
			files = (
				69A367BA1C30D3BA006745E5 /* LaunchScreen.storyboard in Resources */,
				69A367B71C30D3BA006745E5 /* Assets.xcassets in Resources */,
				69A367B51C30D3BA006745E5 /* Main.storyboard in Resources */,
			);
			runOnlyForDeploymentPostprocessing = 0;
		};
		69A367BE1C30D3BA006745E5 /* Resources */ = {
			isa = PBXResourcesBuildPhase;
			buildActionMask = 2147483647;
			files = (
			);
			runOnlyForDeploymentPostprocessing = 0;
		};
		69A367C91C30D3BA006745E5 /* Resources */ = {
			isa = PBXResourcesBuildPhase;
			buildActionMask = 2147483647;
			files = (
			);
			runOnlyForDeploymentPostprocessing = 0;
		};
/* End PBXResourcesBuildPhase section */

/* Begin PBXSourcesBuildPhase section */
		69A367A31C30D3BA006745E5 /* Sources */ = {
			isa = PBXSourcesBuildPhase;
			buildActionMask = 2147483647;
			files = (
				69A367B21C30D3BA006745E5 /* ViewController.m in Sources */,
				69A367AF1C30D3BA006745E5 /* AppDelegate.m in Sources */,
				69A367AC1C30D3BA006745E5 /* main.m in Sources */,
			);
			runOnlyForDeploymentPostprocessing = 0;
		};
		69A367BC1C30D3BA006745E5 /* Sources */ = {
			isa = PBXSourcesBuildPhase;
			buildActionMask = 2147483647;
			files = (
				69A367C51C30D3BA006745E5 /* ssTests.m in Sources */,
			);
			runOnlyForDeploymentPostprocessing = 0;
		};
		69A367C71C30D3BA006745E5 /* Sources */ = {
			isa = PBXSourcesBuildPhase;
			buildActionMask = 2147483647;
			files = (
				69A367D01C30D3BA006745E5 /* ssUITests.m in Sources */,
			);
			runOnlyForDeploymentPostprocessing = 0;
		};
/* End PBXSourcesBuildPhase section */

/* Begin PBXTargetDependency section */
		69A367C21C30D3BA006745E5 /* PBXTargetDependency */ = {
			isa = PBXTargetDependency;
			target = 69A367A61C30D3BA006745E5 /* ss */;
			targetProxy = 69A367C11C30D3BA006745E5 /* PBXContainerItemProxy */;
		};
		69A367CD1C30D3BA006745E5 /* PBXTargetDependency */ = {
			isa = PBXTargetDependency;
			target = 69A367A61C30D3BA006745E5 /* ss */;
			targetProxy = 69A367CC1C30D3BA006745E5 /* PBXContainerItemProxy */;
		};
/* End PBXTargetDependency section */

/* Begin PBXVariantGroup section */
		69A367B31C30D3BA006745E5 /* Main.storyboard */ = {
			isa = PBXVariantGroup;
			children = (
				69A367B41C30D3BA006745E5 /* Base */,
			);
			name = Main.storyboard;
			sourceTree = "<group>";
		};
		69A367B81C30D3BA006745E5 /* LaunchScreen.storyboard */ = {
			isa = PBXVariantGroup;
			children = (
				69A367B91C30D3BA006745E5 /* Base */,
			);
			name = LaunchScreen.storyboard;
			sourceTree = "<group>";
		};
/* End PBXVariantGroup section */

/* Begin XCBuildConfiguration section */
		69A367D21C30D3BA006745E5 /* Debug */ = {
			isa = XCBuildConfiguration;
			buildSettings = {
				ALWAYS_SEARCH_USER_PATHS = NO;
				CLANG_CXX_LANGUAGE_STANDARD = "gnu++0x";
				CLANG_CXX_LIBRARY = "libc++";
				CLANG_ENABLE_MODULES = YES;
				CLANG_ENABLE_OBJC_ARC = YES;
				CLANG_WARN_BOOL_CONVERSION = YES;
				CLANG_WARN_CONSTANT_CONVERSION = YES;
				CLANG_WARN_DIRECT_OBJC_ISA_USAGE = YES_ERROR;
				CLANG_WARN_EMPTY_BODY = YES;
				CLANG_WARN_ENUM_CONVERSION = YES;
				CLANG_WARN_INT_CONVERSION = YES;
				CLANG_WARN_OBJC_ROOT_CLASS = YES_ERROR;
				CLANG_WARN_UNREACHABLE_CODE = YES;
				CLANG_WARN__DUPLICATE_METHOD_MATCH = YES;
				"CODE_SIGN_IDENTITY[sdk=iphoneos*]" = "iPhone Developer";
				COPY_PHASE_STRIP = NO;
				DEBUG_INFORMATION_FORMAT = dwarf;
				ENABLE_STRICT_OBJC_MSGSEND = YES;
				ENABLE_TESTABILITY = YES;
				GCC_C_LANGUAGE_STANDARD = gnu99;
				GCC_DYNAMIC_NO_PIC = NO;
				GCC_NO_COMMON_BLOCKS = YES;
				GCC_OPTIMIZATION_LEVEL = 0;
				GCC_PREPROCESSOR_DEFINITIONS = (
					"DEBUG=1",
					"$(inherited)",
				);
				GCC_WARN_64_TO_32_BIT_CONVERSION = YES;
				GCC_WARN_ABOUT_RETURN_TYPE = YES_ERROR;
				GCC_WARN_UNDECLARED_SELECTOR = YES;
				GCC_WARN_UNINITIALIZED_AUTOS = YES_AGGRESSIVE;
				GCC_WARN_UNUSED_FUNCTION = YES;
				GCC_WARN_UNUSED_VARIABLE = YES;
				IPHONEOS_DEPLOYMENT_TARGET = 9.1;
				MTL_ENABLE_DEBUG_INFO = YES;
				ONLY_ACTIVE_ARCH = YES;
				SDKROOT = iphoneos;
				TARGETED_DEVICE_FAMILY = "1,2";
			};
			name = Debug;
		};
		69A367D31C30D3BA006745E5 /* Release */ = {
			isa = XCBuildConfiguration;
			buildSettings = {
				ALWAYS_SEARCH_USER_PATHS = NO;
				CLANG_CXX_LANGUAGE_STANDARD = "gnu++0x";
				CLANG_CXX_LIBRARY = "libc++";
				CLANG_ENABLE_MODULES = YES;
				CLANG_ENABLE_OBJC_ARC = YES;
				CLANG_WARN_BOOL_CONVERSION = YES;
				CLANG_WARN_CONSTANT_CONVERSION = YES;
				CLANG_WARN_DIRECT_OBJC_ISA_USAGE = YES_ERROR;
				CLANG_WARN_EMPTY_BODY = YES;
				CLANG_WARN_ENUM_CONVERSION = YES;
				CLANG_WARN_INT_CONVERSION = YES;
				CLANG_WARN_OBJC_ROOT_CLASS = YES_ERROR;
				CLANG_WARN_UNREACHABLE_CODE = YES;
				CLANG_WARN__DUPLICATE_METHOD_MATCH = YES;
				"CODE_SIGN_IDENTITY[sdk=iphoneos*]" = "iPhone Developer";
				COPY_PHASE_STRIP = NO;
				DEBUG_INFORMATION_FORMAT = "dwarf-with-dsym";
				ENABLE_NS_ASSERTIONS = NO;
				ENABLE_STRICT_OBJC_MSGSEND = YES;
				GCC_C_LANGUAGE_STANDARD = gnu99;
				GCC_NO_COMMON_BLOCKS = YES;
				GCC_WARN_64_TO_32_BIT_CONVERSION = YES;
				GCC_WARN_ABOUT_RETURN_TYPE = YES_ERROR;
				GCC_WARN_UNDECLARED_SELECTOR = YES;
				GCC_WARN_UNINITIALIZED_AUTOS = YES_AGGRESSIVE;
				GCC_WARN_UNUSED_FUNCTION = YES;
				GCC_WARN_UNUSED_VARIABLE = YES;
				IPHONEOS_DEPLOYMENT_TARGET = 9.1;
				MTL_ENABLE_DEBUG_INFO = NO;
				SDKROOT = iphoneos;
				TARGETED_DEVICE_FAMILY = "1,2";
				VALIDATE_PRODUCT = YES;
			};
			name = Release;
		};
		69A367D51C30D3BA006745E5 /* Debug */ = {
			isa = XCBuildConfiguration;
			buildSettings = {
				ASSETCATALOG_COMPILER_APPICON_NAME = AppIcon;
				INFOPLIST_FILE = ss/Info.plist;
				LD_RUNPATH_SEARCH_PATHS = "$(inherited) @executable_path/Frameworks";
				PRODUCT_BUNDLE_IDENTIFIER = swr.ss;
				PRODUCT_NAME = "$(TARGET_NAME)";
			};
			name = Debug;
		};
		69A367D61C30D3BA006745E5 /* Release */ = {
			isa = XCBuildConfiguration;
			buildSettings = {
				ASSETCATALOG_COMPILER_APPICON_NAME = AppIcon;
				INFOPLIST_FILE = ss/Info.plist;
				LD_RUNPATH_SEARCH_PATHS = "$(inherited) @executable_path/Frameworks";
				PRODUCT_BUNDLE_IDENTIFIER = swr.ss;
				PRODUCT_NAME = "$(TARGET_NAME)";
			};
			name = Release;
		};
		69A367D81C30D3BA006745E5 /* Debug */ = {
			isa = XCBuildConfiguration;
			buildSettings = {
				BUNDLE_LOADER = "$(TEST_HOST)";
				INFOPLIST_FILE = ssTests/Info.plist;
				LD_RUNPATH_SEARCH_PATHS = "$(inherited) @executable_path/Frameworks @loader_path/Frameworks";
				PRODUCT_BUNDLE_IDENTIFIER = swr.ssTests;
				PRODUCT_NAME = "$(TARGET_NAME)";
				TEST_HOST = "$(BUILT_PRODUCTS_DIR)/ss.app/ss";
			};
			name = Debug;
		};
		69A367D91C30D3BA006745E5 /* Release */ = {
			isa = XCBuildConfiguration;
			buildSettings = {
				BUNDLE_LOADER = "$(TEST_HOST)";
				INFOPLIST_FILE = ssTests/Info.plist;
				LD_RUNPATH_SEARCH_PATHS = "$(inherited) @executable_path/Frameworks @loader_path/Frameworks";
				PRODUCT_BUNDLE_IDENTIFIER = swr.ssTests;
				PRODUCT_NAME = "$(TARGET_NAME)";
				TEST_HOST = "$(BUILT_PRODUCTS_DIR)/ss.app/ss";
			};
			name = Release;
		};
		69A367DB1C30D3BA006745E5 /* Debug */ = {
			isa = XCBuildConfiguration;
			buildSettings = {
				INFOPLIST_FILE = ssUITests/Info.plist;
				LD_RUNPATH_SEARCH_PATHS = "$(inherited) @executable_path/Frameworks @loader_path/Frameworks";
				PRODUCT_BUNDLE_IDENTIFIER = swr.ssUITests;
				PRODUCT_NAME = "$(TARGET_NAME)";
				TEST_TARGET_NAME = ss;
				USES_XCTRUNNER = YES;
			};
			name = Debug;
		};
		69A367DC1C30D3BA006745E5 /* Release */ = {
			isa = XCBuildConfiguration;
			buildSettings = {
				INFOPLIST_FILE = ssUITests/Info.plist;
				LD_RUNPATH_SEARCH_PATHS = "$(inherited) @executable_path/Frameworks @loader_path/Frameworks";
				PRODUCT_BUNDLE_IDENTIFIER = swr.ssUITests;
				PRODUCT_NAME = "$(TARGET_NAME)";
				TEST_TARGET_NAME = ss;
				USES_XCTRUNNER = YES;
			};
			name = Release;
		};
/* End XCBuildConfiguration section */

/* Begin XCConfigurationList section */
		69A367A21C30D3BA006745E5 /* Build configuration list for PBXProject "ss" */ = {
			isa = XCConfigurationList;
			buildConfigurations = (
				69A367D21C30D3BA006745E5 /* Debug */,
				69A367D31C30D3BA006745E5 /* Release */,
			);
			defaultConfigurationIsVisible = 0;
			defaultConfigurationName = Release;
		};
		69A367D41C30D3BA006745E5 /* Build configuration list for PBXNativeTarget "ss" */ = {
			isa = XCConfigurationList;
			buildConfigurations = (
				69A367D51C30D3BA006745E5 /* Debug */,
				69A367D61C30D3BA006745E5 /* Release */,
			);
			defaultConfigurationIsVisible = 0;
		};
		69A367D71C30D3BA006745E5 /* Build configuration list for PBXNativeTarget "ssTests" */ = {
			isa = XCConfigurationList;
			buildConfigurations = (
				69A367D81C30D3BA006745E5 /* Debug */,
				69A367D91C30D3BA006745E5 /* Release */,
			);
			defaultConfigurationIsVisible = 0;
		};
		69A367DA1C30D3BA006745E5 /* Build configuration list for PBXNativeTarget "ssUITests" */ = {
			isa = XCConfigurationList;
			buildConfigurations = (
				69A367DB1C30D3BA006745E5 /* Debug */,
				69A367DC1C30D3BA006745E5 /* Release */,
			);
			defaultConfigurationIsVisible = 0;
		};
/* End XCConfigurationList section */
	};
	rootObject = 69A3679F1C30D3BA006745E5 /* Project object */;
}
